
Microsoft Visual Studio Solution File, Format Version 12.00
# Visual Studio Version 17
VisualStudioVersion = 17.13.35818.85
MinimumVisualStudioVersion = 10.0.40219.1
Project("{2150E333-8FDC-42A3-9474-1A3956D46DE8}") = "Services", "Services", "{02EA681E-C7D8-13C7-8484-4AC65E1B71E8}"
EndProject
Project("{2150E333-8FDC-42A3-9474-1A3956D46DE8}") = "Catalog", "Catalog", "{448664A4-BAAA-49A4-A955-40262699683B}"
EndProject
Project("{FAE04EC0-301F-11D3-BF4B-00C04F79EFBC}") = "MS.Catalog", "Services\Catalog\MS.Catalog\MS.Catalog.csproj", "{4F8DCF36-4099-4F8B-BC9B-5A736B9063A6}"
EndProject
Project("{2150E333-8FDC-42A3-9474-1A3956D46DE8}") = "Discount", "Discount", "{127BD42D-0F91-4E1A-9D6A-485415583C25}"
EndProject
Project("{FAE04EC0-301F-11D3-BF4B-00C04F79EFBC}") = "MS.Discount", "Services\Discount\MS.Discount\MS.Discount.csproj", "{9F5077B2-229D-4444-A3A4-FC94AB3FC20D}"
EndProject
Global
	GlobalSection(SolutionConfigurationPlatforms) = preSolution
		Debug|Any CPU = Debug|Any CPU
		Release|Any CPU = Release|Any CPU
	EndGlobalSection
	GlobalSection(ProjectConfigurationPlatforms) = postSolution
		{4F8DCF36-4099-4F8B-BC9B-5A736B9063A6}.Debug|Any CPU.ActiveCfg = Debug|Any CPU
		{4F8DCF36-4099-4F8B-BC9B-5A736B9063A6}.Debug|Any CPU.Build.0 = Debug|Any CPU
		{4F8DCF36-4099-4F8B-BC9B-5A736B9063A6}.Release|Any CPU.ActiveCfg = Release|Any CPU
		{4F8DCF36-4099-4F8B-BC9B-5A736B9063A6}.Release|Any CPU.Build.0 = Release|Any CPU
		{9F5077B2-229D-4444-A3A4-FC94AB3FC20D}.Debug|Any CPU.ActiveCfg = Debug|Any CPU
		{9F5077B2-229D-4444-A3A4-FC94AB3FC20D}.Debug|Any CPU.Build.0 = Debug|Any CPU
		{9F5077B2-229D-4444-A3A4-FC94AB3FC20D}.Release|Any CPU.ActiveCfg = Release|Any CPU
		{9F5077B2-229D-4444-A3A4-FC94AB3FC20D}.Release|Any CPU.Build.0 = Release|Any CPU
	EndGlobalSection
	GlobalSection(SolutionProperties) = preSolution
		HideSolutionNode = FALSE
	EndGlobalSection
	GlobalSection(NestedProjects) = preSolution
		{448664A4-BAAA-49A4-A955-40262699683B} = {02EA681E-C7D8-13C7-8484-4AC65E1B71E8}
		{4F8DCF36-4099-4F8B-BC9B-5A736B9063A6} = {448664A4-BAAA-49A4-A955-40262699683B}
		{127BD42D-0F91-4E1A-9D6A-485415583C25} = {02EA681E-C7D8-13C7-8484-4AC65E1B71E8}
		{9F5077B2-229D-4444-A3A4-FC94AB3FC20D} = {127BD42D-0F91-4E1A-9D6A-485415583C25}
	EndGlobalSection
	GlobalSection(ExtensibilityGlobals) = postSolution
		SolutionGuid = {7F4BA6A7-F1C0-49C4-87A1-7D3E64D8CDEF}
	EndGlobalSection
EndGlobal
