
Microsoft Visual Studio Solution File, Format Version 12.00
# Visual Studio Version 17
VisualStudioVersion = 17.13.35818.85
MinimumVisualStudioVersion = 10.0.40219.1
Project("{2150E333-8FDC-42A3-9474-1A3956D46DE8}") = "Services", "Services", "{02EA681E-C7D8-13C7-8484-4AC65E1B71E8}"
EndProject
Project("{2150E333-8FDC-42A3-9474-1A3956D46DE8}") = "Catalog", "Catalog", "{448664A4-BAAA-49A4-A955-40262699683B}"
EndProject
Project("{FAE04EC0-301F-11D3-BF4B-00C04F79EFBC}") = "MS.Catalog", "Services\Catalog\MS.Catalog\MS.Catalog.csproj", "{4F8DCF36-4099-4F8B-BC9B-5A736B9063A6}"
EndProject
Project("{2150E333-8FDC-42A3-9474-1A3956D46DE8}") = "Discount", "Discount", "{127BD42D-0F91-4E1A-9D6A-485415583C25}"
EndProject
Project("{FAE04EC0-301F-11D3-BF4B-00C04F79EFBC}") = "MS.Discount", "Services\Discount\MS.Discount\MS.Discount.csproj", "{9F5077B2-229D-4444-A3A4-FC94AB3FC20D}"
EndProject
Project("{2150E333-8FDC-42A3-9474-1A3956D46DE8}") = "Order", "Order", "{EBA12BFC-80D1-436B-8603-6F7A195CA334}"
EndProject
Project("{2150E333-8FDC-42A3-9474-1A3956D46DE8}") = "Core", "Core", "{858F23E5-8EF9-4F77-A8DF-A6D04D2C5CBC}"
EndProject
Project("{2150E333-8FDC-42A3-9474-1A3956D46DE8}") = "Infrastructure", "Infrastructure", "{B74109AC-74B3-4018-8994-2C2437462294}"
EndProject
Project("{2150E333-8FDC-42A3-9474-1A3956D46DE8}") = "Presentation", "Presentation", "{32B74303-5AF8-4941-858D-5088BC76EAEA}"
EndProject
Project("{FAE04EC0-301F-11D3-BF4B-00C04F79EFBC}") = "MS.Order.Domain", "Services\Order\Core\MS.Order.Domain\MS.Order.Domain.csproj", "{7C035D56-F9D4-4007-9783-637A778E90A8}"
EndProject
Project("{FAE04EC0-301F-11D3-BF4B-00C04F79EFBC}") = "MS.Order.Application", "Services\Order\Core\MS.Order.Application\MS.Order.Application.csproj", "{DB31F415-7367-4411-8107-F7F6D1593F9A}"
EndProject
Project("{FAE04EC0-301F-11D3-BF4B-00C04F79EFBC}") = "MS.Order.Persistence", "Services\Order\Infrastructure\MS.Order.Persistence\MS.Order.Persistence.csproj", "{40F0C128-D4D0-4251-8798-A6CD1F56FF04}"
EndProject
Project("{FAE04EC0-301F-11D3-BF4B-00C04F79EFBC}") = "MS.Order.WebApi", "Services\Order\Presentation\MS.Order.WebApi\MS.Order.WebApi.csproj", "{496C57C6-C549-4ABC-B039-A895A16C9312}"
EndProject
Project("{2150E333-8FDC-42A3-9474-1A3956D46DE8}") = "IdentityServer", "IdentityServer", "{BFFDE3D6-BBA4-48B7-9193-34EE3C364419}"
EndProject
Project("{FAE04EC0-301F-11D3-BF4B-00C04F79EFBC}") = "MS.IdentityServer", "IdentityServer\MS.IdentityServer\MS.IdentityServer.csproj", "{054D79F4-0AD3-7BA9-49CD-415186447E84}"
EndProject
Project("{2150E333-8FDC-42A3-9474-1A3956D46DE8}") = "Requirements", "Requirements", "{93BF26F3-F497-433A-88C9-A8B212519314}"
	ProjectSection(SolutionItems) = preProject
		PortNumbers.txt = PortNumbers.txt
	EndProjectSection
EndProject
Project("{2150E333-8FDC-42A3-9474-1A3956D46DE8}") = "Cargo", "Cargo", "{FEB43D92-86C5-4CFC-96FD-8B96719EB938}"
EndProject
Project("{FAE04EC0-301F-11D3-BF4B-00C04F79EFBC}") = "MS.Cargo.BusinessLayer", "Services\Cargo\MS.Cargo.BusinessLayer\MS.Cargo.BusinessLayer.csproj", "{9E3ECD97-90C2-4468-9055-4ADFA8ECF953}"
EndProject
Project("{FAE04EC0-301F-11D3-BF4B-00C04F79EFBC}") = "MS.Cargo.DtoLayer", "Services\Cargo\MS.Cargo.DtoLayer\MS.Cargo.DtoLayer.csproj", "{476FC11B-0AFC-447A-A1CE-324E01B856C5}"
EndProject
Project("{FAE04EC0-301F-11D3-BF4B-00C04F79EFBC}") = "MS.Cargo.DataAccessLayer", "Services\Cargo\MS.Cargo.DataAccessLayer\MS.Cargo.DataAccessLayer.csproj", "{5477B83E-2FFD-42F9-87C9-FEB8B2CE269B}"
EndProject
Project("{FAE04EC0-301F-11D3-BF4B-00C04F79EFBC}") = "MS.Cargo.EntityLayer", "Services\Cargo\MS.Cargo.EntityLayer\MS.Cargo.EntityLayer.csproj", "{0E9193F0-6273-405E-95F5-06226FD8E35B}"
EndProject
Project("{FAE04EC0-301F-11D3-BF4B-00C04F79EFBC}") = "MS.Cargo.WepApi", "Services\Cargo\MS.Cargo.WepApi\MS.Cargo.WepApi.csproj", "{5146EB2C-17C0-451F-8F39-2306934FEF1A}"
EndProject
Project("{2150E333-8FDC-42A3-9474-1A3956D46DE8}") = "Basket", "Basket", "{A430968F-ED96-42FE-A995-435D03CB5A53}"
EndProject
Project("{FAE04EC0-301F-11D3-BF4B-00C04F79EFBC}") = "MS.Basket", "Services\Basket\MS.Basket\MS.Basket.csproj", "{C7C9B1EB-FEB2-49DD-9E8D-CE3CAD725D39}"
EndProject
Project("{2150E333-8FDC-42A3-9474-1A3956D46DE8}") = "Frontends", "Frontends", "{2FA03552-A9CB-4101-B868-C811C2AD85EF}"
EndProject
Project("{FAE04EC0-301F-11D3-BF4B-00C04F79EFBC}") = "MS.WebUI", "Frontends\MS.WebUI\MS.WebUI.csproj", "{6F05AFAB-BEF3-4CBC-8DD4-3C8F78C00B54}"
EndProject
Project("{FAE04EC0-301F-11D3-BF4B-00C04F79EFBC}") = "MS.UI.DtoLayer", "Frontends\MS.UI.DtoLayer\MS.UI.DtoLayer.csproj", "{403B7E5D-3CE5-4D07-B615-F833BACFC316}"
EndProject
Project("{2150E333-8FDC-42A3-9474-1A3956D46DE8}") = "Comment", "Comment", "{07C10E5A-47DD-4D6B-B815-918830808DA2}"
EndProject
Project("{FAE04EC0-301F-11D3-BF4B-00C04F79EFBC}") = "MS.Comment", "Services\Comment\MS.Comment\MS.Comment.csproj", "{373349DD-8FF9-4590-BD0F-9F21F4C36058}"
EndProject
Project("{2150E333-8FDC-42A3-9474-1A3956D46DE8}") = "ApiGateway", "ApiGateway", "{354C5C82-B5A2-4E35-9836-E2FFBD5D29AD}"
EndProject
Project("{FAE04EC0-301F-11D3-BF4B-00C04F79EFBC}") = "MS.OcelotGateway", "ApiGateway\MS.OcelotGateway\MS.OcelotGateway.csproj", "{277B5AB9-5B83-47DD-BB15-D19E46167A05}"
EndProject
Project("{2150E333-8FDC-42A3-9474-1A3956D46DE8}") = "Payment", "Payment", "{C867E2E4-F707-44B7-A74F-140A05BBB663}"
EndProject
Project("{FAE04EC0-301F-11D3-BF4B-00C04F79EFBC}") = "MS.Payment", "Services\MS.Payment\MS.Payment.csproj", "{4F8B19D6-BFFF-432D-8839-1078A20A3CF3}"
EndProject
Project("{2150E333-8FDC-42A3-9474-1A3956D46DE8}") = "Image", "Image", "{676A30C8-B036-4D02-8C58-73B854FC8A05}"
EndProject
Project("{FAE04EC0-301F-11D3-BF4B-00C04F79EFBC}") = "MS.Image", "Services\MS.Image\MS.Image.csproj", "{5C1F6320-73EC-48FE-955B-875EA06F159A}"
EndProject
Global
	GlobalSection(SolutionConfigurationPlatforms) = preSolution
		Debug|Any CPU = Debug|Any CPU
		Release|Any CPU = Release|Any CPU
	EndGlobalSection
	GlobalSection(ProjectConfigurationPlatforms) = postSolution
		{4F8DCF36-4099-4F8B-BC9B-5A736B9063A6}.Debug|Any CPU.ActiveCfg = Debug|Any CPU
		{4F8DCF36-4099-4F8B-BC9B-5A736B9063A6}.Debug|Any CPU.Build.0 = Debug|Any CPU
		{4F8DCF36-4099-4F8B-BC9B-5A736B9063A6}.Release|Any CPU.ActiveCfg = Release|Any CPU
		{4F8DCF36-4099-4F8B-BC9B-5A736B9063A6}.Release|Any CPU.Build.0 = Release|Any CPU
		{9F5077B2-229D-4444-A3A4-FC94AB3FC20D}.Debug|Any CPU.ActiveCfg = Debug|Any CPU
		{9F5077B2-229D-4444-A3A4-FC94AB3FC20D}.Debug|Any CPU.Build.0 = Debug|Any CPU
		{9F5077B2-229D-4444-A3A4-FC94AB3FC20D}.Release|Any CPU.ActiveCfg = Release|Any CPU
		{9F5077B2-229D-4444-A3A4-FC94AB3FC20D}.Release|Any CPU.Build.0 = Release|Any CPU
		{7C035D56-F9D4-4007-9783-637A778E90A8}.Debug|Any CPU.ActiveCfg = Debug|Any CPU
		{7C035D56-F9D4-4007-9783-637A778E90A8}.Debug|Any CPU.Build.0 = Debug|Any CPU
		{7C035D56-F9D4-4007-9783-637A778E90A8}.Release|Any CPU.ActiveCfg = Release|Any CPU
		{7C035D56-F9D4-4007-9783-637A778E90A8}.Release|Any CPU.Build.0 = Release|Any CPU
		{DB31F415-7367-4411-8107-F7F6D1593F9A}.Debug|Any CPU.ActiveCfg = Debug|Any CPU
		{DB31F415-7367-4411-8107-F7F6D1593F9A}.Debug|Any CPU.Build.0 = Debug|Any CPU
		{DB31F415-7367-4411-8107-F7F6D1593F9A}.Release|Any CPU.ActiveCfg = Release|Any CPU
		{DB31F415-7367-4411-8107-F7F6D1593F9A}.Release|Any CPU.Build.0 = Release|Any CPU
		{40F0C128-D4D0-4251-8798-A6CD1F56FF04}.Debug|Any CPU.ActiveCfg = Debug|Any CPU
		{40F0C128-D4D0-4251-8798-A6CD1F56FF04}.Debug|Any CPU.Build.0 = Debug|Any CPU
		{40F0C128-D4D0-4251-8798-A6CD1F56FF04}.Release|Any CPU.ActiveCfg = Release|Any CPU
		{40F0C128-D4D0-4251-8798-A6CD1F56FF04}.Release|Any CPU.Build.0 = Release|Any CPU
		{496C57C6-C549-4ABC-B039-A895A16C9312}.Debug|Any CPU.ActiveCfg = Debug|Any CPU
		{496C57C6-C549-4ABC-B039-A895A16C9312}.Debug|Any CPU.Build.0 = Debug|Any CPU
		{496C57C6-C549-4ABC-B039-A895A16C9312}.Release|Any CPU.ActiveCfg = Release|Any CPU
		{496C57C6-C549-4ABC-B039-A895A16C9312}.Release|Any CPU.Build.0 = Release|Any CPU
		{054D79F4-0AD3-7BA9-49CD-415186447E84}.Debug|Any CPU.ActiveCfg = Debug|Any CPU
		{054D79F4-0AD3-7BA9-49CD-415186447E84}.Debug|Any CPU.Build.0 = Debug|Any CPU
		{054D79F4-0AD3-7BA9-49CD-415186447E84}.Release|Any CPU.ActiveCfg = Release|Any CPU
		{054D79F4-0AD3-7BA9-49CD-415186447E84}.Release|Any CPU.Build.0 = Release|Any CPU
		{9E3ECD97-90C2-4468-9055-4ADFA8ECF953}.Debug|Any CPU.ActiveCfg = Debug|Any CPU
		{9E3ECD97-90C2-4468-9055-4ADFA8ECF953}.Debug|Any CPU.Build.0 = Debug|Any CPU
		{9E3ECD97-90C2-4468-9055-4ADFA8ECF953}.Release|Any CPU.ActiveCfg = Release|Any CPU
		{9E3ECD97-90C2-4468-9055-4ADFA8ECF953}.Release|Any CPU.Build.0 = Release|Any CPU
		{476FC11B-0AFC-447A-A1CE-324E01B856C5}.Debug|Any CPU.ActiveCfg = Debug|Any CPU
		{476FC11B-0AFC-447A-A1CE-324E01B856C5}.Debug|Any CPU.Build.0 = Debug|Any CPU
		{476FC11B-0AFC-447A-A1CE-324E01B856C5}.Release|Any CPU.ActiveCfg = Release|Any CPU
		{476FC11B-0AFC-447A-A1CE-324E01B856C5}.Release|Any CPU.Build.0 = Release|Any CPU
		{5477B83E-2FFD-42F9-87C9-FEB8B2CE269B}.Debug|Any CPU.ActiveCfg = Debug|Any CPU
		{5477B83E-2FFD-42F9-87C9-FEB8B2CE269B}.Debug|Any CPU.Build.0 = Debug|Any CPU
		{5477B83E-2FFD-42F9-87C9-FEB8B2CE269B}.Release|Any CPU.ActiveCfg = Release|Any CPU
		{5477B83E-2FFD-42F9-87C9-FEB8B2CE269B}.Release|Any CPU.Build.0 = Release|Any CPU
		{0E9193F0-6273-405E-95F5-06226FD8E35B}.Debug|Any CPU.ActiveCfg = Debug|Any CPU
		{0E9193F0-6273-405E-95F5-06226FD8E35B}.Debug|Any CPU.Build.0 = Debug|Any CPU
		{0E9193F0-6273-405E-95F5-06226FD8E35B}.Release|Any CPU.ActiveCfg = Release|Any CPU
		{0E9193F0-6273-405E-95F5-06226FD8E35B}.Release|Any CPU.Build.0 = Release|Any CPU
		{5146EB2C-17C0-451F-8F39-2306934FEF1A}.Debug|Any CPU.ActiveCfg = Debug|Any CPU
		{5146EB2C-17C0-451F-8F39-2306934FEF1A}.Debug|Any CPU.Build.0 = Debug|Any CPU
		{5146EB2C-17C0-451F-8F39-2306934FEF1A}.Release|Any CPU.ActiveCfg = Release|Any CPU
		{5146EB2C-17C0-451F-8F39-2306934FEF1A}.Release|Any CPU.Build.0 = Release|Any CPU
		{C7C9B1EB-FEB2-49DD-9E8D-CE3CAD725D39}.Debug|Any CPU.ActiveCfg = Debug|Any CPU
		{C7C9B1EB-FEB2-49DD-9E8D-CE3CAD725D39}.Debug|Any CPU.Build.0 = Debug|Any CPU
		{C7C9B1EB-FEB2-49DD-9E8D-CE3CAD725D39}.Release|Any CPU.ActiveCfg = Release|Any CPU
		{C7C9B1EB-FEB2-49DD-9E8D-CE3CAD725D39}.Release|Any CPU.Build.0 = Release|Any CPU
		{6F05AFAB-BEF3-4CBC-8DD4-3C8F78C00B54}.Debug|Any CPU.ActiveCfg = Debug|Any CPU
		{6F05AFAB-BEF3-4CBC-8DD4-3C8F78C00B54}.Debug|Any CPU.Build.0 = Debug|Any CPU
		{6F05AFAB-BEF3-4CBC-8DD4-3C8F78C00B54}.Release|Any CPU.ActiveCfg = Release|Any CPU
		{6F05AFAB-BEF3-4CBC-8DD4-3C8F78C00B54}.Release|Any CPU.Build.0 = Release|Any CPU
		{403B7E5D-3CE5-4D07-B615-F833BACFC316}.Debug|Any CPU.ActiveCfg = Debug|Any CPU
		{403B7E5D-3CE5-4D07-B615-F833BACFC316}.Debug|Any CPU.Build.0 = Debug|Any CPU
		{403B7E5D-3CE5-4D07-B615-F833BACFC316}.Release|Any CPU.ActiveCfg = Release|Any CPU
		{403B7E5D-3CE5-4D07-B615-F833BACFC316}.Release|Any CPU.Build.0 = Release|Any CPU
		{373349DD-8FF9-4590-BD0F-9F21F4C36058}.Debug|Any CPU.ActiveCfg = Debug|Any CPU
		{373349DD-8FF9-4590-BD0F-9F21F4C36058}.Debug|Any CPU.Build.0 = Debug|Any CPU
		{373349DD-8FF9-4590-BD0F-9F21F4C36058}.Release|Any CPU.ActiveCfg = Release|Any CPU
		{373349DD-8FF9-4590-BD0F-9F21F4C36058}.Release|Any CPU.Build.0 = Release|Any CPU
		{277B5AB9-5B83-47DD-BB15-D19E46167A05}.Debug|Any CPU.ActiveCfg = Debug|Any CPU
		{277B5AB9-5B83-47DD-BB15-D19E46167A05}.Debug|Any CPU.Build.0 = Debug|Any CPU
		{277B5AB9-5B83-47DD-BB15-D19E46167A05}.Release|Any CPU.ActiveCfg = Release|Any CPU
		{277B5AB9-5B83-47DD-BB15-D19E46167A05}.Release|Any CPU.Build.0 = Release|Any CPU
		{4F8B19D6-BFFF-432D-8839-1078A20A3CF3}.Debug|Any CPU.ActiveCfg = Debug|Any CPU
		{4F8B19D6-BFFF-432D-8839-1078A20A3CF3}.Debug|Any CPU.Build.0 = Debug|Any CPU
		{4F8B19D6-BFFF-432D-8839-1078A20A3CF3}.Release|Any CPU.ActiveCfg = Release|Any CPU
		{4F8B19D6-BFFF-432D-8839-1078A20A3CF3}.Release|Any CPU.Build.0 = Release|Any CPU
		{5C1F6320-73EC-48FE-955B-875EA06F159A}.Debug|Any CPU.ActiveCfg = Debug|Any CPU
		{5C1F6320-73EC-48FE-955B-875EA06F159A}.Debug|Any CPU.Build.0 = Debug|Any CPU
		{5C1F6320-73EC-48FE-955B-875EA06F159A}.Release|Any CPU.ActiveCfg = Release|Any CPU
		{5C1F6320-73EC-48FE-955B-875EA06F159A}.Release|Any CPU.Build.0 = Release|Any CPU
	EndGlobalSection
	GlobalSection(SolutionProperties) = preSolution
		HideSolutionNode = FALSE
	EndGlobalSection
	GlobalSection(NestedProjects) = preSolution
		{448664A4-BAAA-49A4-A955-40262699683B} = {02EA681E-C7D8-13C7-8484-4AC65E1B71E8}
		{4F8DCF36-4099-4F8B-BC9B-5A736B9063A6} = {448664A4-BAAA-49A4-A955-40262699683B}
		{127BD42D-0F91-4E1A-9D6A-485415583C25} = {02EA681E-C7D8-13C7-8484-4AC65E1B71E8}
		{9F5077B2-229D-4444-A3A4-FC94AB3FC20D} = {127BD42D-0F91-4E1A-9D6A-485415583C25}
		{EBA12BFC-80D1-436B-8603-6F7A195CA334} = {02EA681E-C7D8-13C7-8484-4AC65E1B71E8}
		{858F23E5-8EF9-4F77-A8DF-A6D04D2C5CBC} = {EBA12BFC-80D1-436B-8603-6F7A195CA334}
		{B74109AC-74B3-4018-8994-2C2437462294} = {EBA12BFC-80D1-436B-8603-6F7A195CA334}
		{32B74303-5AF8-4941-858D-5088BC76EAEA} = {EBA12BFC-80D1-436B-8603-6F7A195CA334}
		{7C035D56-F9D4-4007-9783-637A778E90A8} = {858F23E5-8EF9-4F77-A8DF-A6D04D2C5CBC}
		{DB31F415-7367-4411-8107-F7F6D1593F9A} = {858F23E5-8EF9-4F77-A8DF-A6D04D2C5CBC}
		{40F0C128-D4D0-4251-8798-A6CD1F56FF04} = {B74109AC-74B3-4018-8994-2C2437462294}
		{496C57C6-C549-4ABC-B039-A895A16C9312} = {32B74303-5AF8-4941-858D-5088BC76EAEA}
		{054D79F4-0AD3-7BA9-49CD-415186447E84} = {BFFDE3D6-BBA4-48B7-9193-34EE3C364419}
		{FEB43D92-86C5-4CFC-96FD-8B96719EB938} = {02EA681E-C7D8-13C7-8484-4AC65E1B71E8}
		{9E3ECD97-90C2-4468-9055-4ADFA8ECF953} = {FEB43D92-86C5-4CFC-96FD-8B96719EB938}
		{476FC11B-0AFC-447A-A1CE-324E01B856C5} = {FEB43D92-86C5-4CFC-96FD-8B96719EB938}
		{5477B83E-2FFD-42F9-87C9-FEB8B2CE269B} = {FEB43D92-86C5-4CFC-96FD-8B96719EB938}
		{0E9193F0-6273-405E-95F5-06226FD8E35B} = {FEB43D92-86C5-4CFC-96FD-8B96719EB938}
		{5146EB2C-17C0-451F-8F39-2306934FEF1A} = {FEB43D92-86C5-4CFC-96FD-8B96719EB938}
		{A430968F-ED96-42FE-A995-435D03CB5A53} = {02EA681E-C7D8-13C7-8484-4AC65E1B71E8}
		{C7C9B1EB-FEB2-49DD-9E8D-CE3CAD725D39} = {A430968F-ED96-42FE-A995-435D03CB5A53}
		{6F05AFAB-BEF3-4CBC-8DD4-3C8F78C00B54} = {2FA03552-A9CB-4101-B868-C811C2AD85EF}
		{403B7E5D-3CE5-4D07-B615-F833BACFC316} = {2FA03552-A9CB-4101-B868-C811C2AD85EF}
		{07C10E5A-47DD-4D6B-B815-918830808DA2} = {02EA681E-C7D8-13C7-8484-4AC65E1B71E8}
		{373349DD-8FF9-4590-BD0F-9F21F4C36058} = {07C10E5A-47DD-4D6B-B815-918830808DA2}
		{277B5AB9-5B83-47DD-BB15-D19E46167A05} = {354C5C82-B5A2-4E35-9836-E2FFBD5D29AD}
		{C867E2E4-F707-44B7-A74F-140A05BBB663} = {02EA681E-C7D8-13C7-8484-4AC65E1B71E8}
		{4F8B19D6-BFFF-432D-8839-1078A20A3CF3} = {C867E2E4-F707-44B7-A74F-140A05BBB663}
		{676A30C8-B036-4D02-8C58-73B854FC8A05} = {02EA681E-C7D8-13C7-8484-4AC65E1B71E8}
		{5C1F6320-73EC-48FE-955B-875EA06F159A} = {676A30C8-B036-4D02-8C58-73B854FC8A05}
	EndGlobalSection
	GlobalSection(ExtensibilityGlobals) = postSolution
		SolutionGuid = {7F4BA6A7-F1C0-49C4-87A1-7D3E64D8CDEF}
	EndGlobalSection
EndGlobal
